
Microsoft Visual Studio Solution File, Format Version 12.00
# Visual Studio Version 16
VisualStudioVersion = 16.0.29201.188
MinimumVisualStudioVersion = 10.0.40219.1
Project("{FAE04EC0-301F-11D3-BF4B-00C04F79EFBC}") = "GazpromTest", "GazpromTest\GazpromTest.csproj", "{133B58F6-AC62-42E4-8CCD-E954B27F45C0}"
EndProject
Project("{FAE04EC0-301F-11D3-BF4B-00C04F79EFBC}") = "Solution.Tests", "Solution.Tests\Solution.Tests.csproj", "{4ACB70AC-DA0B-42D7-9CD6-60D9319C8A43}"
EndProject
Global
	GlobalSection(SolutionConfigurationPlatforms) = preSolution
		Debug|Any CPU = Debug|Any CPU
		Release|Any CPU = Release|Any CPU
	EndGlobalSection
	GlobalSection(ProjectConfigurationPlatforms) = postSolution
		{133B58F6-AC62-42E4-8CCD-E954B27F45C0}.Debug|Any CPU.ActiveCfg = Debug|Any CPU
		{133B58F6-AC62-42E4-8CCD-E954B27F45C0}.Debug|Any CPU.Build.0 = Debug|Any CPU
		{133B58F6-AC62-42E4-8CCD-E954B27F45C0}.Release|Any CPU.ActiveCfg = Release|Any CPU
		{133B58F6-AC62-42E4-8CCD-E954B27F45C0}.Release|Any CPU.Build.0 = Release|Any CPU
		{4ACB70AC-DA0B-42D7-9CD6-60D9319C8A43}.Debug|Any CPU.ActiveCfg = Debug|Any CPU
		{4ACB70AC-DA0B-42D7-9CD6-60D9319C8A43}.Debug|Any CPU.Build.0 = Debug|Any CPU
		{4ACB70AC-DA0B-42D7-9CD6-60D9319C8A43}.Release|Any CPU.ActiveCfg = Release|Any CPU
		{4ACB70AC-DA0B-42D7-9CD6-60D9319C8A43}.Release|Any CPU.Build.0 = Release|Any CPU
	EndGlobalSection
	GlobalSection(SolutionProperties) = preSolution
		HideSolutionNode = FALSE
	EndGlobalSection
	GlobalSection(ExtensibilityGlobals) = postSolution
		SolutionGuid = {1847886E-7AA2-4B7A-9CF3-CEBC712EB4B2}
	EndGlobalSection
EndGlobal
